{
  "lib/forge-std": {
    "tag": {
      "name": "v1.16.2",
      "rev": "bf647bd6046f2f7da30d0c2bf435e5c76a780c1b"
    }
  },
  "lib/openzeppelin-contracts": {
    "tag": {
      "name": "v5.7.0",
      "rev": "cab19933c33c2ad1d4c7a84864a3601dddfd16f3"
    }
  },
  "lib/openzeppelin-contracts-upgradeable": {
    "tag": {
      "name": "v5.7.0",
      "rev": "14f52c54d3a1eefbda3d4071efba24d3c1e07e8a"
    }
  },
  "lib/universal-router": {
    "tag": {
      "name": "2.2.0",
      "rev": "020e1b786ad9a6bad924874752167934734ad1e1"
    }
  },
  "lib/v4-core": {
    "branch": {
      "name": "main",
      "rev": "46c6834698c48bc4a463a86d8420f4eb1d7f3b75"
    }
  },
  "lib/v4-hooks-public": {
    "rev": "e4eabe526f9b516fff78d98ba781251747f0fd6e"
  },
  "lib/v4-periphery": {
    "rev": "dce236d4e2057422d0791d9a973a58765eb46f65"
  }
}